
Microsoft Visual Studio Solution File, Format Version 12.00
# Visual Studio 15
VisualStudioVersion = 15.0.27004.2009
MinimumVisualStudioVersion = 10.0.40219.1
Project("{FAE04EC0-301F-11D3-BF4B-00C04F79EFBC}") = "assignments", "assignments.csproj", "{85E5B0C9-6517-4931-B107-E0164B08D59D}"
EndProject
Project("{FAE04EC0-301F-11D3-BF4B-00C04F79EFBC}") = "a04", "a04\a04.csproj", "{6AC883E3-1047-40C3-87D3-06F443BD35E9}"
EndProject
Project("{FAE04EC0-301F-11D3-BF4B-00C04F79EFBC}") = "a05", "a05\a05.csproj", "{DA7D050A-62DA-47AA-9EF6-933E3B2AC6CC}"
EndProject
Project("{FAE04EC0-301F-11D3-BF4B-00C04F79EFBC}") = "a06", "a06\a06.csproj", "{55FA7302-A544-40C5-BD17-2E341995C9E7}"
EndProject
Project("{FAE04EC0-301F-11D3-BF4B-00C04F79EFBC}") = "a07", "a07\a07.csproj", "{9D722633-44DE-4CBD-896F-613994A448BC}"
EndProject
Project("{FAE04EC0-301F-11D3-BF4B-00C04F79EFBC}") = "a08", "a08\a08.csproj", "{4CE91B6A-BCE5-45C3-8C21-DB3A8F96708B}"
EndProject
Project("{FAE04EC0-301F-11D3-BF4B-00C04F79EFBC}") = "a09", "a09\a09.csproj", "{5CADC3F6-89E1-47B1-BB00-A538E9787A16}"
EndProject
Project("{FAE04EC0-301F-11D3-BF4B-00C04F79EFBC}") = "a10", "a10\a10.csproj", "{BED008A9-9BFD-42C0-BEE0-83F0F36F7201}"
EndProject
Project("{FAE04EC0-301F-11D3-BF4B-00C04F79EFBC}") = "l02_a01", "l02_a01\l02_a01.csproj", "{E4EEEB08-B7C9-4811-B34B-78ED58728FBE}"
EndProject
Project("{FAE04EC0-301F-11D3-BF4B-00C04F79EFBC}") = "l02_a02", "l02_a02\l02_a02.csproj", "{F37A1449-1ABF-42FA-992C-B78621B55045}"
EndProject
Project("{FAE04EC0-301F-11D3-BF4B-00C04F79EFBC}") = "l02_a03", "l02_a03\l02_a03.csproj", "{90B72F0E-A176-414A-AAD3-8DB799881857}"
EndProject
Project("{FAE04EC0-301F-11D3-BF4B-00C04F79EFBC}") = "l02_a04", "l02_a04\l02_a04.csproj", "{6DD33B9D-7DC8-407E-AFDD-1CA1DC6D4F4A}"
EndProject
Project("{FAE04EC0-301F-11D3-BF4B-00C04F79EFBC}") = "l02_a05", "l02_a05\l02_a05.csproj", "{5A4E69E9-966B-472A-83AC-47988C17D2A6}"
EndProject
Project("{FAE04EC0-301F-11D3-BF4B-00C04F79EFBC}") = "l02_a06", "l02_a06\l02_a06.csproj", "{19D7DB67-1F84-40A8-8386-298DA889CFD2}"
EndProject
Project("{FAE04EC0-301F-11D3-BF4B-00C04F79EFBC}") = "l02_a07", "l02_a07\l02_a07.csproj", "{252BD92E-F184-4D63-BA52-533BCE93F900}"
EndProject
Project("{FAE04EC0-301F-11D3-BF4B-00C04F79EFBC}") = "l02_a08", "l02_a08\l02_a08.csproj", "{AA7C8FA3-CB8E-453F-8A6D-6887ECBA398F}"
EndProject
Project("{FAE04EC0-301F-11D3-BF4B-00C04F79EFBC}") = "l02_a09", "l02_a09\l02_a09.csproj", "{34B30F36-95C8-4B3F-9D21-27E4D0948DAF}"
EndProject
Project("{FAE04EC0-301F-11D3-BF4B-00C04F79EFBC}") = "a02", "a02\a02.csproj", "{37BEFDDD-8973-4F4A-86C9-4D342CDC329B}"
EndProject
Project("{FAE04EC0-301F-11D3-BF4B-00C04F79EFBC}") = "a01", "a01\a01.csproj", "{8375E83E-E33C-43FC-8EB0-9CFEEAA49915}"
EndProject
Project("{FAE04EC0-301F-11D3-BF4B-00C04F79EFBC}") = "l02_a10", "l02_a10\l02_a10.csproj", "{1CE25EFA-DE43-4CFF-AD12-42D3521E7F63}"
EndProject
Global
	GlobalSection(SolutionConfigurationPlatforms) = preSolution
		Debug|Any CPU = Debug|Any CPU
		Release|Any CPU = Release|Any CPU
	EndGlobalSection
	GlobalSection(ProjectConfigurationPlatforms) = postSolution
		{85E5B0C9-6517-4931-B107-E0164B08D59D}.Debug|Any CPU.ActiveCfg = Debug|Any CPU
		{85E5B0C9-6517-4931-B107-E0164B08D59D}.Debug|Any CPU.Build.0 = Debug|Any CPU
		{85E5B0C9-6517-4931-B107-E0164B08D59D}.Release|Any CPU.ActiveCfg = Release|Any CPU
		{85E5B0C9-6517-4931-B107-E0164B08D59D}.Release|Any CPU.Build.0 = Release|Any CPU
		{6AC883E3-1047-40C3-87D3-06F443BD35E9}.Debug|Any CPU.ActiveCfg = Debug|Any CPU
		{6AC883E3-1047-40C3-87D3-06F443BD35E9}.Debug|Any CPU.Build.0 = Debug|Any CPU
		{6AC883E3-1047-40C3-87D3-06F443BD35E9}.Release|Any CPU.ActiveCfg = Release|Any CPU
		{6AC883E3-1047-40C3-87D3-06F443BD35E9}.Release|Any CPU.Build.0 = Release|Any CPU
		{DA7D050A-62DA-47AA-9EF6-933E3B2AC6CC}.Debug|Any CPU.ActiveCfg = Debug|Any CPU
		{DA7D050A-62DA-47AA-9EF6-933E3B2AC6CC}.Debug|Any CPU.Build.0 = Debug|Any CPU
		{DA7D050A-62DA-47AA-9EF6-933E3B2AC6CC}.Release|Any CPU.ActiveCfg = Release|Any CPU
		{DA7D050A-62DA-47AA-9EF6-933E3B2AC6CC}.Release|Any CPU.Build.0 = Release|Any CPU
		{55FA7302-A544-40C5-BD17-2E341995C9E7}.Debug|Any CPU.ActiveCfg = Debug|Any CPU
		{55FA7302-A544-40C5-BD17-2E341995C9E7}.Debug|Any CPU.Build.0 = Debug|Any CPU
		{55FA7302-A544-40C5-BD17-2E341995C9E7}.Release|Any CPU.ActiveCfg = Release|Any CPU
		{55FA7302-A544-40C5-BD17-2E341995C9E7}.Release|Any CPU.Build.0 = Release|Any CPU
		{9D722633-44DE-4CBD-896F-613994A448BC}.Debug|Any CPU.ActiveCfg = Debug|Any CPU
		{9D722633-44DE-4CBD-896F-613994A448BC}.Debug|Any CPU.Build.0 = Debug|Any CPU
		{9D722633-44DE-4CBD-896F-613994A448BC}.Release|Any CPU.ActiveCfg = Release|Any CPU
		{9D722633-44DE-4CBD-896F-613994A448BC}.Release|Any CPU.Build.0 = Release|Any CPU
		{4CE91B6A-BCE5-45C3-8C21-DB3A8F96708B}.Debug|Any CPU.ActiveCfg = Debug|Any CPU
		{4CE91B6A-BCE5-45C3-8C21-DB3A8F96708B}.Debug|Any CPU.Build.0 = Debug|Any CPU
		{4CE91B6A-BCE5-45C3-8C21-DB3A8F96708B}.Release|Any CPU.ActiveCfg = Release|Any CPU
		{4CE91B6A-BCE5-45C3-8C21-DB3A8F96708B}.Release|Any CPU.Build.0 = Release|Any CPU
		{5CADC3F6-89E1-47B1-BB00-A538E9787A16}.Debug|Any CPU.ActiveCfg = Debug|Any CPU
		{5CADC3F6-89E1-47B1-BB00-A538E9787A16}.Debug|Any CPU.Build.0 = Debug|Any CPU
		{5CADC3F6-89E1-47B1-BB00-A538E9787A16}.Release|Any CPU.ActiveCfg = Release|Any CPU
		{5CADC3F6-89E1-47B1-BB00-A538E9787A16}.Release|Any CPU.Build.0 = Release|Any CPU
		{BED008A9-9BFD-42C0-BEE0-83F0F36F7201}.Debug|Any CPU.ActiveCfg = Debug|Any CPU
		{BED008A9-9BFD-42C0-BEE0-83F0F36F7201}.Debug|Any CPU.Build.0 = Debug|Any CPU
		{BED008A9-9BFD-42C0-BEE0-83F0F36F7201}.Release|Any CPU.ActiveCfg = Release|Any CPU
		{BED008A9-9BFD-42C0-BEE0-83F0F36F7201}.Release|Any CPU.Build.0 = Release|Any CPU
		{E4EEEB08-B7C9-4811-B34B-78ED58728FBE}.Debug|Any CPU.ActiveCfg = Debug|Any CPU
		{E4EEEB08-B7C9-4811-B34B-78ED58728FBE}.Debug|Any CPU.Build.0 = Debug|Any CPU
		{E4EEEB08-B7C9-4811-B34B-78ED58728FBE}.Release|Any CPU.ActiveCfg = Release|Any CPU
		{E4EEEB08-B7C9-4811-B34B-78ED58728FBE}.Release|Any CPU.Build.0 = Release|Any CPU
		{F37A1449-1ABF-42FA-992C-B78621B55045}.Debug|Any CPU.ActiveCfg = Debug|Any CPU
		{F37A1449-1ABF-42FA-992C-B78621B55045}.Debug|Any CPU.Build.0 = Debug|Any CPU
		{F37A1449-1ABF-42FA-992C-B78621B55045}.Release|Any CPU.ActiveCfg = Release|Any CPU
		{F37A1449-1ABF-42FA-992C-B78621B55045}.Release|Any CPU.Build.0 = Release|Any CPU
		{90B72F0E-A176-414A-AAD3-8DB799881857}.Debug|Any CPU.ActiveCfg = Debug|Any CPU
		{90B72F0E-A176-414A-AAD3-8DB799881857}.Debug|Any CPU.Build.0 = Debug|Any CPU
		{90B72F0E-A176-414A-AAD3-8DB799881857}.Release|Any CPU.ActiveCfg = Release|Any CPU
		{90B72F0E-A176-414A-AAD3-8DB799881857}.Release|Any CPU.Build.0 = Release|Any CPU
		{6DD33B9D-7DC8-407E-AFDD-1CA1DC6D4F4A}.Debug|Any CPU.ActiveCfg = Debug|Any CPU
		{6DD33B9D-7DC8-407E-AFDD-1CA1DC6D4F4A}.Debug|Any CPU.Build.0 = Debug|Any CPU
		{6DD33B9D-7DC8-407E-AFDD-1CA1DC6D4F4A}.Release|Any CPU.ActiveCfg = Release|Any CPU
		{6DD33B9D-7DC8-407E-AFDD-1CA1DC6D4F4A}.Release|Any CPU.Build.0 = Release|Any CPU
		{5A4E69E9-966B-472A-83AC-47988C17D2A6}.Debug|Any CPU.ActiveCfg = Debug|Any CPU
		{5A4E69E9-966B-472A-83AC-47988C17D2A6}.Debug|Any CPU.Build.0 = Debug|Any CPU
		{5A4E69E9-966B-472A-83AC-47988C17D2A6}.Release|Any CPU.ActiveCfg = Release|Any CPU
		{5A4E69E9-966B-472A-83AC-47988C17D2A6}.Release|Any CPU.Build.0 = Release|Any CPU
		{19D7DB67-1F84-40A8-8386-298DA889CFD2}.Debug|Any CPU.ActiveCfg = Debug|Any CPU
		{19D7DB67-1F84-40A8-8386-298DA889CFD2}.Debug|Any CPU.Build.0 = Debug|Any CPU
		{19D7DB67-1F84-40A8-8386-298DA889CFD2}.Release|Any CPU.ActiveCfg = Release|Any CPU
		{19D7DB67-1F84-40A8-8386-298DA889CFD2}.Release|Any CPU.Build.0 = Release|Any CPU
		{252BD92E-F184-4D63-BA52-533BCE93F900}.Debug|Any CPU.ActiveCfg = Debug|Any CPU
		{252BD92E-F184-4D63-BA52-533BCE93F900}.Debug|Any CPU.Build.0 = Debug|Any CPU
		{252BD92E-F184-4D63-BA52-533BCE93F900}.Release|Any CPU.ActiveCfg = Release|Any CPU
		{252BD92E-F184-4D63-BA52-533BCE93F900}.Release|Any CPU.Build.0 = Release|Any CPU
		{AA7C8FA3-CB8E-453F-8A6D-6887ECBA398F}.Debug|Any CPU.ActiveCfg = Debug|Any CPU
		{AA7C8FA3-CB8E-453F-8A6D-6887ECBA398F}.Debug|Any CPU.Build.0 = Debug|Any CPU
		{AA7C8FA3-CB8E-453F-8A6D-6887ECBA398F}.Release|Any CPU.ActiveCfg = Release|Any CPU
		{AA7C8FA3-CB8E-453F-8A6D-6887ECBA398F}.Release|Any CPU.Build.0 = Release|Any CPU
		{34B30F36-95C8-4B3F-9D21-27E4D0948DAF}.Debug|Any CPU.ActiveCfg = Debug|Any CPU
		{34B30F36-95C8-4B3F-9D21-27E4D0948DAF}.Debug|Any CPU.Build.0 = Debug|Any CPU
		{34B30F36-95C8-4B3F-9D21-27E4D0948DAF}.Release|Any CPU.ActiveCfg = Release|Any CPU
		{34B30F36-95C8-4B3F-9D21-27E4D0948DAF}.Release|Any CPU.Build.0 = Release|Any CPU
		{37BEFDDD-8973-4F4A-86C9-4D342CDC329B}.Debug|Any CPU.ActiveCfg = Debug|Any CPU
		{37BEFDDD-8973-4F4A-86C9-4D342CDC329B}.Debug|Any CPU.Build.0 = Debug|Any CPU
		{37BEFDDD-8973-4F4A-86C9-4D342CDC329B}.Release|Any CPU.ActiveCfg = Release|Any CPU
		{37BEFDDD-8973-4F4A-86C9-4D342CDC329B}.Release|Any CPU.Build.0 = Release|Any CPU
		{8375E83E-E33C-43FC-8EB0-9CFEEAA49915}.Debug|Any CPU.ActiveCfg = Debug|Any CPU
		{8375E83E-E33C-43FC-8EB0-9CFEEAA49915}.Debug|Any CPU.Build.0 = Debug|Any CPU
		{8375E83E-E33C-43FC-8EB0-9CFEEAA49915}.Release|Any CPU.ActiveCfg = Release|Any CPU
		{8375E83E-E33C-43FC-8EB0-9CFEEAA49915}.Release|Any CPU.Build.0 = Release|Any CPU
		{1CE25EFA-DE43-4CFF-AD12-42D3521E7F63}.Debug|Any CPU.ActiveCfg = Debug|Any CPU
		{1CE25EFA-DE43-4CFF-AD12-42D3521E7F63}.Debug|Any CPU.Build.0 = Debug|Any CPU
		{1CE25EFA-DE43-4CFF-AD12-42D3521E7F63}.Release|Any CPU.ActiveCfg = Release|Any CPU
		{1CE25EFA-DE43-4CFF-AD12-42D3521E7F63}.Release|Any CPU.Build.0 = Release|Any CPU
	EndGlobalSection
	GlobalSection(SolutionProperties) = preSolution
		HideSolutionNode = FALSE
	EndGlobalSection
	GlobalSection(ExtensibilityGlobals) = postSolution
		SolutionGuid = {F74BCEDB-2C35-449E-81CB-9EE92A85AC2B}
	EndGlobalSection
EndGlobal
