
Microsoft Visual Studio Solution File, Format Version 12.00
# Visual Studio 15
VisualStudioVersion = 15.0.26430.16
MinimumVisualStudioVersion = 10.0.40219.1
Project("{8BC9CEB8-8B4A-11D0-8D11-00A0C91BC942}") = "h06", "h06\h06.vcxproj", "{5989973D-AE91-4097-AF46-5F85FA2022A1}"
EndProject
Project("{8BC9CEB8-8B4A-11D0-8D11-00A0C91BC942}") = "h07", "h07\h07.vcxproj", "{8C193E9B-E732-4CE2-AA0F-F3D6E3DBE593}"
EndProject
Project("{8BC9CEB8-8B4A-11D0-8D11-00A0C91BC942}") = "h08a", "h08a\h08a.vcxproj", "{78341FD5-AFDD-4AC2-828D-2795D9F5B057}"
EndProject
Project("{8BC9CEB8-8B4A-11D0-8D11-00A0C91BC942}") = "h08b", "h08b\h08b.vcxproj", "{3BB6107D-78C5-4B48-B62F-8B2E7CB75FEE}"
EndProject
Project("{8BC9CEB8-8B4A-11D0-8D11-00A0C91BC942}") = "h09", "h09\h09.vcxproj", "{37632153-108D-4B27-AEE3-8104DFACE47E}"
EndProject
Project("{8BC9CEB8-8B4A-11D0-8D11-00A0C91BC942}") = "h10", "h10\h10.vcxproj", "{B7C88725-1CE7-4906-ABA9-F6D6910C11E3}"
EndProject
Project("{8BC9CEB8-8B4A-11D0-8D11-00A0C91BC942}") = "h12", "h12\h12.vcxproj", "{4C539A52-04D7-496B-A9DC-F211D16AC9A0}"
EndProject
Project("{8BC9CEB8-8B4A-11D0-8D11-00A0C91BC942}") = "h13", "h13\h13.vcxproj", "{DB359A34-6DAF-4384-9D29-10CBC98711D5}"
EndProject
Project("{8BC9CEB8-8B4A-11D0-8D11-00A0C91BC942}") = "h14", "h14\h14.vcxproj", "{14B37891-9A73-455E-BF7F-F643A291C988}"
EndProject
Project("{8BC9CEB8-8B4A-11D0-8D11-00A0C91BC942}") = "e09_03", "e09_03\e09_03.vcxproj", "{D803B19D-CB9F-4F7D-8049-E89C4E52E870}"
EndProject
Project("{8BC9CEB8-8B4A-11D0-8D11-00A0C91BC942}") = "h15", "h15\h15.vcxproj", "{BA61F04F-C585-4159-ABCE-49AC640523A6}"
EndProject
Project("{8BC9CEB8-8B4A-11D0-8D11-00A0C91BC942}") = "e_vaihtolajittelu", "e_vaihtolajittelu\e_vaihtolajittelu.vcxproj", "{AE041B99-BA46-4CB4-B8FC-8A6FFCA66503}"
EndProject
Project("{8BC9CEB8-8B4A-11D0-8D11-00A0C91BC942}") = "h18", "h18\h18.vcxproj", "{D7C360CD-4FFF-4741-A972-DE9FC5148869}"
EndProject
Project("{8BC9CEB8-8B4A-11D0-8D11-00A0C91BC942}") = "e09_14", "e09_14\e09_14.vcxproj", "{515F91EC-59DF-4908-972B-E1534F1FFA3A}"
EndProject
Project("{8BC9CEB8-8B4A-11D0-8D11-00A0C91BC942}") = "e10_05", "e10_05\e10_05.vcxproj", "{6B29C5BB-13CE-4846-BC71-C5CECC0B9BB3}"
EndProject
Project("{8BC9CEB8-8B4A-11D0-8D11-00A0C91BC942}") = "h19", "h19\h19.vcxproj", "{6BBB9E2E-FCCB-4277-9448-58DEE26D34F8}"
EndProject
Project("{8BC9CEB8-8B4A-11D0-8D11-00A0C91BC942}") = "e_function", "e_function\e_function.vcxproj", "{7DCF8761-24AF-4948-B616-F6EFC8FABB34}"
EndProject
Project("{8BC9CEB8-8B4A-11D0-8D11-00A0C91BC942}") = "h22", "h22\h22.vcxproj", "{AF80244A-7E10-4E4F-8865-3E274E4EA351}"
EndProject
Project("{8BC9CEB8-8B4A-11D0-8D11-00A0C91BC942}") = "e10_10", "e10_10\e10_10.vcxproj", "{82726629-E2E1-4580-8072-E1960986EADC}"
EndProject
Project("{8BC9CEB8-8B4A-11D0-8D11-00A0C91BC942}") = "e11_02", "e11_02\e11_02.vcxproj", "{6064EFED-20B7-4013-84A1-1C15B61F811D}"
EndProject
Global
	GlobalSection(SolutionConfigurationPlatforms) = preSolution
		Debug|x64 = Debug|x64
		Debug|x86 = Debug|x86
		Release|x64 = Release|x64
		Release|x86 = Release|x86
	EndGlobalSection
	GlobalSection(ProjectConfigurationPlatforms) = postSolution
		{5989973D-AE91-4097-AF46-5F85FA2022A1}.Debug|x64.ActiveCfg = Debug|x64
		{5989973D-AE91-4097-AF46-5F85FA2022A1}.Debug|x64.Build.0 = Debug|x64
		{5989973D-AE91-4097-AF46-5F85FA2022A1}.Debug|x86.ActiveCfg = Debug|Win32
		{5989973D-AE91-4097-AF46-5F85FA2022A1}.Debug|x86.Build.0 = Debug|Win32
		{5989973D-AE91-4097-AF46-5F85FA2022A1}.Release|x64.ActiveCfg = Release|x64
		{5989973D-AE91-4097-AF46-5F85FA2022A1}.Release|x64.Build.0 = Release|x64
		{5989973D-AE91-4097-AF46-5F85FA2022A1}.Release|x86.ActiveCfg = Release|Win32
		{5989973D-AE91-4097-AF46-5F85FA2022A1}.Release|x86.Build.0 = Release|Win32
		{8C193E9B-E732-4CE2-AA0F-F3D6E3DBE593}.Debug|x64.ActiveCfg = Debug|x64
		{8C193E9B-E732-4CE2-AA0F-F3D6E3DBE593}.Debug|x64.Build.0 = Debug|x64
		{8C193E9B-E732-4CE2-AA0F-F3D6E3DBE593}.Debug|x86.ActiveCfg = Debug|Win32
		{8C193E9B-E732-4CE2-AA0F-F3D6E3DBE593}.Debug|x86.Build.0 = Debug|Win32
		{8C193E9B-E732-4CE2-AA0F-F3D6E3DBE593}.Release|x64.ActiveCfg = Release|x64
		{8C193E9B-E732-4CE2-AA0F-F3D6E3DBE593}.Release|x64.Build.0 = Release|x64
		{8C193E9B-E732-4CE2-AA0F-F3D6E3DBE593}.Release|x86.ActiveCfg = Release|Win32
		{8C193E9B-E732-4CE2-AA0F-F3D6E3DBE593}.Release|x86.Build.0 = Release|Win32
		{78341FD5-AFDD-4AC2-828D-2795D9F5B057}.Debug|x64.ActiveCfg = Debug|x64
		{78341FD5-AFDD-4AC2-828D-2795D9F5B057}.Debug|x64.Build.0 = Debug|x64
		{78341FD5-AFDD-4AC2-828D-2795D9F5B057}.Debug|x86.ActiveCfg = Debug|Win32
		{78341FD5-AFDD-4AC2-828D-2795D9F5B057}.Debug|x86.Build.0 = Debug|Win32
		{78341FD5-AFDD-4AC2-828D-2795D9F5B057}.Release|x64.ActiveCfg = Release|x64
		{78341FD5-AFDD-4AC2-828D-2795D9F5B057}.Release|x64.Build.0 = Release|x64
		{78341FD5-AFDD-4AC2-828D-2795D9F5B057}.Release|x86.ActiveCfg = Release|Win32
		{78341FD5-AFDD-4AC2-828D-2795D9F5B057}.Release|x86.Build.0 = Release|Win32
		{3BB6107D-78C5-4B48-B62F-8B2E7CB75FEE}.Debug|x64.ActiveCfg = Debug|x64
		{3BB6107D-78C5-4B48-B62F-8B2E7CB75FEE}.Debug|x64.Build.0 = Debug|x64
		{3BB6107D-78C5-4B48-B62F-8B2E7CB75FEE}.Debug|x86.ActiveCfg = Debug|Win32
		{3BB6107D-78C5-4B48-B62F-8B2E7CB75FEE}.Debug|x86.Build.0 = Debug|Win32
		{3BB6107D-78C5-4B48-B62F-8B2E7CB75FEE}.Release|x64.ActiveCfg = Release|x64
		{3BB6107D-78C5-4B48-B62F-8B2E7CB75FEE}.Release|x64.Build.0 = Release|x64
		{3BB6107D-78C5-4B48-B62F-8B2E7CB75FEE}.Release|x86.ActiveCfg = Release|Win32
		{3BB6107D-78C5-4B48-B62F-8B2E7CB75FEE}.Release|x86.Build.0 = Release|Win32
		{37632153-108D-4B27-AEE3-8104DFACE47E}.Debug|x64.ActiveCfg = Debug|x64
		{37632153-108D-4B27-AEE3-8104DFACE47E}.Debug|x64.Build.0 = Debug|x64
		{37632153-108D-4B27-AEE3-8104DFACE47E}.Debug|x86.ActiveCfg = Debug|Win32
		{37632153-108D-4B27-AEE3-8104DFACE47E}.Debug|x86.Build.0 = Debug|Win32
		{37632153-108D-4B27-AEE3-8104DFACE47E}.Release|x64.ActiveCfg = Release|x64
		{37632153-108D-4B27-AEE3-8104DFACE47E}.Release|x64.Build.0 = Release|x64
		{37632153-108D-4B27-AEE3-8104DFACE47E}.Release|x86.ActiveCfg = Release|Win32
		{37632153-108D-4B27-AEE3-8104DFACE47E}.Release|x86.Build.0 = Release|Win32
		{B7C88725-1CE7-4906-ABA9-F6D6910C11E3}.Debug|x64.ActiveCfg = Debug|x64
		{B7C88725-1CE7-4906-ABA9-F6D6910C11E3}.Debug|x64.Build.0 = Debug|x64
		{B7C88725-1CE7-4906-ABA9-F6D6910C11E3}.Debug|x86.ActiveCfg = Debug|Win32
		{B7C88725-1CE7-4906-ABA9-F6D6910C11E3}.Debug|x86.Build.0 = Debug|Win32
		{B7C88725-1CE7-4906-ABA9-F6D6910C11E3}.Release|x64.ActiveCfg = Release|x64
		{B7C88725-1CE7-4906-ABA9-F6D6910C11E3}.Release|x64.Build.0 = Release|x64
		{B7C88725-1CE7-4906-ABA9-F6D6910C11E3}.Release|x86.ActiveCfg = Release|Win32
		{B7C88725-1CE7-4906-ABA9-F6D6910C11E3}.Release|x86.Build.0 = Release|Win32
		{4C539A52-04D7-496B-A9DC-F211D16AC9A0}.Debug|x64.ActiveCfg = Debug|x64
		{4C539A52-04D7-496B-A9DC-F211D16AC9A0}.Debug|x64.Build.0 = Debug|x64
		{4C539A52-04D7-496B-A9DC-F211D16AC9A0}.Debug|x86.ActiveCfg = Debug|Win32
		{4C539A52-04D7-496B-A9DC-F211D16AC9A0}.Debug|x86.Build.0 = Debug|Win32
		{4C539A52-04D7-496B-A9DC-F211D16AC9A0}.Release|x64.ActiveCfg = Release|x64
		{4C539A52-04D7-496B-A9DC-F211D16AC9A0}.Release|x64.Build.0 = Release|x64
		{4C539A52-04D7-496B-A9DC-F211D16AC9A0}.Release|x86.ActiveCfg = Release|Win32
		{4C539A52-04D7-496B-A9DC-F211D16AC9A0}.Release|x86.Build.0 = Release|Win32
		{DB359A34-6DAF-4384-9D29-10CBC98711D5}.Debug|x64.ActiveCfg = Debug|x64
		{DB359A34-6DAF-4384-9D29-10CBC98711D5}.Debug|x64.Build.0 = Debug|x64
		{DB359A34-6DAF-4384-9D29-10CBC98711D5}.Debug|x86.ActiveCfg = Debug|Win32
		{DB359A34-6DAF-4384-9D29-10CBC98711D5}.Debug|x86.Build.0 = Debug|Win32
		{DB359A34-6DAF-4384-9D29-10CBC98711D5}.Release|x64.ActiveCfg = Release|x64
		{DB359A34-6DAF-4384-9D29-10CBC98711D5}.Release|x64.Build.0 = Release|x64
		{DB359A34-6DAF-4384-9D29-10CBC98711D5}.Release|x86.ActiveCfg = Release|Win32
		{DB359A34-6DAF-4384-9D29-10CBC98711D5}.Release|x86.Build.0 = Release|Win32
		{14B37891-9A73-455E-BF7F-F643A291C988}.Debug|x64.ActiveCfg = Debug|x64
		{14B37891-9A73-455E-BF7F-F643A291C988}.Debug|x64.Build.0 = Debug|x64
		{14B37891-9A73-455E-BF7F-F643A291C988}.Debug|x86.ActiveCfg = Debug|Win32
		{14B37891-9A73-455E-BF7F-F643A291C988}.Debug|x86.Build.0 = Debug|Win32
		{14B37891-9A73-455E-BF7F-F643A291C988}.Release|x64.ActiveCfg = Release|x64
		{14B37891-9A73-455E-BF7F-F643A291C988}.Release|x64.Build.0 = Release|x64
		{14B37891-9A73-455E-BF7F-F643A291C988}.Release|x86.ActiveCfg = Release|Win32
		{14B37891-9A73-455E-BF7F-F643A291C988}.Release|x86.Build.0 = Release|Win32
		{D803B19D-CB9F-4F7D-8049-E89C4E52E870}.Debug|x64.ActiveCfg = Debug|x64
		{D803B19D-CB9F-4F7D-8049-E89C4E52E870}.Debug|x64.Build.0 = Debug|x64
		{D803B19D-CB9F-4F7D-8049-E89C4E52E870}.Debug|x86.ActiveCfg = Debug|Win32
		{D803B19D-CB9F-4F7D-8049-E89C4E52E870}.Debug|x86.Build.0 = Debug|Win32
		{D803B19D-CB9F-4F7D-8049-E89C4E52E870}.Release|x64.ActiveCfg = Release|x64
		{D803B19D-CB9F-4F7D-8049-E89C4E52E870}.Release|x64.Build.0 = Release|x64
		{D803B19D-CB9F-4F7D-8049-E89C4E52E870}.Release|x86.ActiveCfg = Release|Win32
		{D803B19D-CB9F-4F7D-8049-E89C4E52E870}.Release|x86.Build.0 = Release|Win32
		{BA61F04F-C585-4159-ABCE-49AC640523A6}.Debug|x64.ActiveCfg = Debug|x64
		{BA61F04F-C585-4159-ABCE-49AC640523A6}.Debug|x64.Build.0 = Debug|x64
		{BA61F04F-C585-4159-ABCE-49AC640523A6}.Debug|x86.ActiveCfg = Debug|Win32
		{BA61F04F-C585-4159-ABCE-49AC640523A6}.Debug|x86.Build.0 = Debug|Win32
		{BA61F04F-C585-4159-ABCE-49AC640523A6}.Release|x64.ActiveCfg = Release|x64
		{BA61F04F-C585-4159-ABCE-49AC640523A6}.Release|x64.Build.0 = Release|x64
		{BA61F04F-C585-4159-ABCE-49AC640523A6}.Release|x86.ActiveCfg = Release|Win32
		{BA61F04F-C585-4159-ABCE-49AC640523A6}.Release|x86.Build.0 = Release|Win32
		{AE041B99-BA46-4CB4-B8FC-8A6FFCA66503}.Debug|x64.ActiveCfg = Debug|x64
		{AE041B99-BA46-4CB4-B8FC-8A6FFCA66503}.Debug|x64.Build.0 = Debug|x64
		{AE041B99-BA46-4CB4-B8FC-8A6FFCA66503}.Debug|x86.ActiveCfg = Debug|Win32
		{AE041B99-BA46-4CB4-B8FC-8A6FFCA66503}.Debug|x86.Build.0 = Debug|Win32
		{AE041B99-BA46-4CB4-B8FC-8A6FFCA66503}.Release|x64.ActiveCfg = Release|x64
		{AE041B99-BA46-4CB4-B8FC-8A6FFCA66503}.Release|x64.Build.0 = Release|x64
		{AE041B99-BA46-4CB4-B8FC-8A6FFCA66503}.Release|x86.ActiveCfg = Release|Win32
		{AE041B99-BA46-4CB4-B8FC-8A6FFCA66503}.Release|x86.Build.0 = Release|Win32
		{D7C360CD-4FFF-4741-A972-DE9FC5148869}.Debug|x64.ActiveCfg = Debug|x64
		{D7C360CD-4FFF-4741-A972-DE9FC5148869}.Debug|x64.Build.0 = Debug|x64
		{D7C360CD-4FFF-4741-A972-DE9FC5148869}.Debug|x86.ActiveCfg = Debug|Win32
		{D7C360CD-4FFF-4741-A972-DE9FC5148869}.Debug|x86.Build.0 = Debug|Win32
		{D7C360CD-4FFF-4741-A972-DE9FC5148869}.Release|x64.ActiveCfg = Release|x64
		{D7C360CD-4FFF-4741-A972-DE9FC5148869}.Release|x64.Build.0 = Release|x64
		{D7C360CD-4FFF-4741-A972-DE9FC5148869}.Release|x86.ActiveCfg = Release|Win32
		{D7C360CD-4FFF-4741-A972-DE9FC5148869}.Release|x86.Build.0 = Release|Win32
		{515F91EC-59DF-4908-972B-E1534F1FFA3A}.Debug|x64.ActiveCfg = Debug|x64
		{515F91EC-59DF-4908-972B-E1534F1FFA3A}.Debug|x64.Build.0 = Debug|x64
		{515F91EC-59DF-4908-972B-E1534F1FFA3A}.Debug|x86.ActiveCfg = Debug|Win32
		{515F91EC-59DF-4908-972B-E1534F1FFA3A}.Debug|x86.Build.0 = Debug|Win32
		{515F91EC-59DF-4908-972B-E1534F1FFA3A}.Release|x64.ActiveCfg = Release|x64
		{515F91EC-59DF-4908-972B-E1534F1FFA3A}.Release|x64.Build.0 = Release|x64
		{515F91EC-59DF-4908-972B-E1534F1FFA3A}.Release|x86.ActiveCfg = Release|Win32
		{515F91EC-59DF-4908-972B-E1534F1FFA3A}.Release|x86.Build.0 = Release|Win32
		{6B29C5BB-13CE-4846-BC71-C5CECC0B9BB3}.Debug|x64.ActiveCfg = Debug|x64
		{6B29C5BB-13CE-4846-BC71-C5CECC0B9BB3}.Debug|x64.Build.0 = Debug|x64
		{6B29C5BB-13CE-4846-BC71-C5CECC0B9BB3}.Debug|x86.ActiveCfg = Debug|Win32
		{6B29C5BB-13CE-4846-BC71-C5CECC0B9BB3}.Debug|x86.Build.0 = Debug|Win32
		{6B29C5BB-13CE-4846-BC71-C5CECC0B9BB3}.Release|x64.ActiveCfg = Release|x64
		{6B29C5BB-13CE-4846-BC71-C5CECC0B9BB3}.Release|x64.Build.0 = Release|x64
		{6B29C5BB-13CE-4846-BC71-C5CECC0B9BB3}.Release|x86.ActiveCfg = Release|Win32
		{6B29C5BB-13CE-4846-BC71-C5CECC0B9BB3}.Release|x86.Build.0 = Release|Win32
		{6BBB9E2E-FCCB-4277-9448-58DEE26D34F8}.Debug|x64.ActiveCfg = Debug|x64
		{6BBB9E2E-FCCB-4277-9448-58DEE26D34F8}.Debug|x64.Build.0 = Debug|x64
		{6BBB9E2E-FCCB-4277-9448-58DEE26D34F8}.Debug|x86.ActiveCfg = Debug|Win32
		{6BBB9E2E-FCCB-4277-9448-58DEE26D34F8}.Debug|x86.Build.0 = Debug|Win32
		{6BBB9E2E-FCCB-4277-9448-58DEE26D34F8}.Release|x64.ActiveCfg = Release|x64
		{6BBB9E2E-FCCB-4277-9448-58DEE26D34F8}.Release|x64.Build.0 = Release|x64
		{6BBB9E2E-FCCB-4277-9448-58DEE26D34F8}.Release|x86.ActiveCfg = Release|Win32
		{6BBB9E2E-FCCB-4277-9448-58DEE26D34F8}.Release|x86.Build.0 = Release|Win32
		{7DCF8761-24AF-4948-B616-F6EFC8FABB34}.Debug|x64.ActiveCfg = Debug|x64
		{7DCF8761-24AF-4948-B616-F6EFC8FABB34}.Debug|x64.Build.0 = Debug|x64
		{7DCF8761-24AF-4948-B616-F6EFC8FABB34}.Debug|x86.ActiveCfg = Debug|Win32
		{7DCF8761-24AF-4948-B616-F6EFC8FABB34}.Debug|x86.Build.0 = Debug|Win32
		{7DCF8761-24AF-4948-B616-F6EFC8FABB34}.Release|x64.ActiveCfg = Release|x64
		{7DCF8761-24AF-4948-B616-F6EFC8FABB34}.Release|x64.Build.0 = Release|x64
		{7DCF8761-24AF-4948-B616-F6EFC8FABB34}.Release|x86.ActiveCfg = Release|Win32
		{7DCF8761-24AF-4948-B616-F6EFC8FABB34}.Release|x86.Build.0 = Release|Win32
		{AF80244A-7E10-4E4F-8865-3E274E4EA351}.Debug|x64.ActiveCfg = Debug|x64
		{AF80244A-7E10-4E4F-8865-3E274E4EA351}.Debug|x64.Build.0 = Debug|x64
		{AF80244A-7E10-4E4F-8865-3E274E4EA351}.Debug|x86.ActiveCfg = Debug|Win32
		{AF80244A-7E10-4E4F-8865-3E274E4EA351}.Debug|x86.Build.0 = Debug|Win32
		{AF80244A-7E10-4E4F-8865-3E274E4EA351}.Release|x64.ActiveCfg = Release|x64
		{AF80244A-7E10-4E4F-8865-3E274E4EA351}.Release|x64.Build.0 = Release|x64
		{AF80244A-7E10-4E4F-8865-3E274E4EA351}.Release|x86.ActiveCfg = Release|Win32
		{AF80244A-7E10-4E4F-8865-3E274E4EA351}.Release|x86.Build.0 = Release|Win32
		{82726629-E2E1-4580-8072-E1960986EADC}.Debug|x64.ActiveCfg = Debug|x64
		{82726629-E2E1-4580-8072-E1960986EADC}.Debug|x64.Build.0 = Debug|x64
		{82726629-E2E1-4580-8072-E1960986EADC}.Debug|x86.ActiveCfg = Debug|Win32
		{82726629-E2E1-4580-8072-E1960986EADC}.Debug|x86.Build.0 = Debug|Win32
		{82726629-E2E1-4580-8072-E1960986EADC}.Release|x64.ActiveCfg = Release|x64
		{82726629-E2E1-4580-8072-E1960986EADC}.Release|x64.Build.0 = Release|x64
		{82726629-E2E1-4580-8072-E1960986EADC}.Release|x86.ActiveCfg = Release|Win32
		{82726629-E2E1-4580-8072-E1960986EADC}.Release|x86.Build.0 = Release|Win32
		{6064EFED-20B7-4013-84A1-1C15B61F811D}.Debug|x64.ActiveCfg = Debug|x64
		{6064EFED-20B7-4013-84A1-1C15B61F811D}.Debug|x64.Build.0 = Debug|x64
		{6064EFED-20B7-4013-84A1-1C15B61F811D}.Debug|x86.ActiveCfg = Debug|Win32
		{6064EFED-20B7-4013-84A1-1C15B61F811D}.Debug|x86.Build.0 = Debug|Win32
		{6064EFED-20B7-4013-84A1-1C15B61F811D}.Release|x64.ActiveCfg = Release|x64
		{6064EFED-20B7-4013-84A1-1C15B61F811D}.Release|x64.Build.0 = Release|x64
		{6064EFED-20B7-4013-84A1-1C15B61F811D}.Release|x86.ActiveCfg = Release|Win32
		{6064EFED-20B7-4013-84A1-1C15B61F811D}.Release|x86.Build.0 = Release|Win32
	EndGlobalSection
	GlobalSection(SolutionProperties) = preSolution
		HideSolutionNode = FALSE
	EndGlobalSection
EndGlobal
